
Microsoft Visual Studio Solution File, Format Version 12.00
# Visual Studio 16
Project("{FAE04EC0-301F-11D3-BF4B-00C04F79EFBC}") = "Assembly-CSharp", "Assembly-CSharp.csproj", "{950FA953-F52B-2EBB-6ECB-524A830F0A80}"
EndProject
Project("{FAE04EC0-301F-11D3-BF4B-00C04F79EFBC}") = "Assembly-CSharp-Editor", "Assembly-CSharp-Editor.csproj", "{F6E1FB61-610A-F81E-3D5B-73E811207F81}"
EndProject
Global
	GlobalSection(SolutionConfigurationPlatforms) = preSolution
		Debug|Any CPU = Debug|Any CPU
		Release|Any CPU = Release|Any CPU
	EndGlobalSection
	GlobalSection(ProjectConfigurationPlatforms) = postSolution
		{950FA953-F52B-2EBB-6ECB-524A830F0A80}.Debug|Any CPU.ActiveCfg = Debug|Any CPU
		{950FA953-F52B-2EBB-6ECB-524A830F0A80}.Debug|Any CPU.Build.0 = Debug|Any CPU
		{950FA953-F52B-2EBB-6ECB-524A830F0A80}.Release|Any CPU.ActiveCfg = Release|Any CPU
		{950FA953-F52B-2EBB-6ECB-524A830F0A80}.Release|Any CPU.Build.0 = Release|Any CPU
		{F6E1FB61-610A-F81E-3D5B-73E811207F81}.Debug|Any CPU.ActiveCfg = Debug|Any CPU
		{F6E1FB61-610A-F81E-3D5B-73E811207F81}.Debug|Any CPU.Build.0 = Debug|Any CPU
		{F6E1FB61-610A-F81E-3D5B-73E811207F81}.Release|Any CPU.ActiveCfg = Release|Any CPU
		{F6E1FB61-610A-F81E-3D5B-73E811207F81}.Release|Any CPU.Build.0 = Release|Any CPU
	EndGlobalSection
	GlobalSection(SolutionProperties) = preSolution
		HideSolutionNode = FALSE
	EndGlobalSection
EndGlobal
